
Microsoft Visual Studio Solution File, Format Version 12.00
# Visual Studio Version 16
VisualStudioVersion = 16.0.30804.86
MinimumVisualStudioVersion = 10.0.40219.1
Project("{FAE04EC0-301F-11D3-BF4B-00C04F79EFBC}") = "Repository_Pattern", "Repository_Pattern\Repository_Pattern.csproj", "{036A0364-EA30-474B-9EA6-0D368011E433}"
EndProject
Project("{FAE04EC0-301F-11D3-BF4B-00C04F79EFBC}") = "Repository_Businss", "Repository_Businss\Repository_Businss.csproj", "{4C1F890D-49FF-4EAB-A579-0BB933999F33}"
EndProject
Project("{FAE04EC0-301F-11D3-BF4B-00C04F79EFBC}") = "Repository_Domain", "Repository_Domain\Repository_Domain.csproj", "{12ACFADB-8703-44E4-A2CD-B0CE2F50268E}"
EndProject
Global
	GlobalSection(SolutionConfigurationPlatforms) = preSolution
		Debug|Any CPU = Debug|Any CPU
		Release|Any CPU = Release|Any CPU
	EndGlobalSection
	GlobalSection(ProjectConfigurationPlatforms) = postSolution
		{036A0364-EA30-474B-9EA6-0D368011E433}.Debug|Any CPU.ActiveCfg = Debug|Any CPU
		{036A0364-EA30-474B-9EA6-0D368011E433}.Debug|Any CPU.Build.0 = Debug|Any CPU
		{036A0364-EA30-474B-9EA6-0D368011E433}.Release|Any CPU.ActiveCfg = Release|Any CPU
		{036A0364-EA30-474B-9EA6-0D368011E433}.Release|Any CPU.Build.0 = Release|Any CPU
		{4C1F890D-49FF-4EAB-A579-0BB933999F33}.Debug|Any CPU.ActiveCfg = Debug|Any CPU
		{4C1F890D-49FF-4EAB-A579-0BB933999F33}.Debug|Any CPU.Build.0 = Debug|Any CPU
		{4C1F890D-49FF-4EAB-A579-0BB933999F33}.Release|Any CPU.ActiveCfg = Release|Any CPU
		{4C1F890D-49FF-4EAB-A579-0BB933999F33}.Release|Any CPU.Build.0 = Release|Any CPU
		{12ACFADB-8703-44E4-A2CD-B0CE2F50268E}.Debug|Any CPU.ActiveCfg = Debug|Any CPU
		{12ACFADB-8703-44E4-A2CD-B0CE2F50268E}.Debug|Any CPU.Build.0 = Debug|Any CPU
		{12ACFADB-8703-44E4-A2CD-B0CE2F50268E}.Release|Any CPU.ActiveCfg = Release|Any CPU
		{12ACFADB-8703-44E4-A2CD-B0CE2F50268E}.Release|Any CPU.Build.0 = Release|Any CPU
	EndGlobalSection
	GlobalSection(SolutionProperties) = preSolution
		HideSolutionNode = FALSE
	EndGlobalSection
	GlobalSection(ExtensibilityGlobals) = postSolution
		SolutionGuid = {860AEEBD-E1EB-40E3-A86E-E0FC0BA8DF20}
	EndGlobalSection
EndGlobal
